
Microsoft Visual Studio Solution File, Format Version 12.00
# Visual Studio 15
VisualStudioVersion = 15.0.27703.2047
MinimumVisualStudioVersion = 10.0.40219.1
Project("{FAE04EC0-301F-11D3-BF4B-00C04F79EFBC}") = "JAKIRO.Web", "JAKIRO.Web\JAKIRO.Web.csproj", "{5A87B212-5A61-458A-9B05-012F7736F729}"
EndProject
Project("{FAE04EC0-301F-11D3-BF4B-00C04F79EFBC}") = "JAKIRO.Core", "JAKIRO.Core\JAKIRO.Core.csproj", "{283DC907-A792-4FD6-9263-E33FAF1AEBE6}"
EndProject
Global
	GlobalSection(SolutionConfigurationPlatforms) = preSolution
		Debug|Any CPU = Debug|Any CPU
		Release|Any CPU = Release|Any CPU
	EndGlobalSection
	GlobalSection(ProjectConfigurationPlatforms) = postSolution
		{5A87B212-5A61-458A-9B05-012F7736F729}.Debug|Any CPU.ActiveCfg = Debug|Any CPU
		{5A87B212-5A61-458A-9B05-012F7736F729}.Debug|Any CPU.Build.0 = Debug|Any CPU
		{5A87B212-5A61-458A-9B05-012F7736F729}.Release|Any CPU.ActiveCfg = Release|Any CPU
		{5A87B212-5A61-458A-9B05-012F7736F729}.Release|Any CPU.Build.0 = Release|Any CPU
		{283DC907-A792-4FD6-9263-E33FAF1AEBE6}.Debug|Any CPU.ActiveCfg = Debug|Any CPU
		{283DC907-A792-4FD6-9263-E33FAF1AEBE6}.Debug|Any CPU.Build.0 = Debug|Any CPU
		{283DC907-A792-4FD6-9263-E33FAF1AEBE6}.Release|Any CPU.ActiveCfg = Release|Any CPU
		{283DC907-A792-4FD6-9263-E33FAF1AEBE6}.Release|Any CPU.Build.0 = Release|Any CPU
	EndGlobalSection
	GlobalSection(SolutionProperties) = preSolution
		HideSolutionNode = FALSE
	EndGlobalSection
	GlobalSection(ExtensibilityGlobals) = postSolution
		SolutionGuid = {75BFE4BD-CA4F-4271-8355-92E85CFF31A7}
	EndGlobalSection
EndGlobal
